// !$*UTF8*$!
{
	archiveVersion = 1;
	classes = {
	};
	objectVersion = 46;
	objects = {

/* Begin PBXBuildFile section */
		1E66C7EC9014094EE5D226FD /* libPods-ImageWithModeCutLayer.a in Frameworks */ = {isa = PBXBuildFile; fileRef = 9BCC9437375685B991E85CEE /* libPods-ImageWithModeCutLayer.a */; };
		711AE9FD1D24AEB50048A859 /* main.m in Sources */ = {isa = PBXBuildFile; fileRef = 711AE9FC1D24AEB50048A859 /* main.m */; };
		711AEA001D24AEB50048A859 /* AppDelegate.m in Sources */ = {isa = PBXBuildFile; fileRef = 711AE9FF1D24AEB50048A859 /* AppDelegate.m */; };
		711AEA031D24AEB50048A859 /* MainViewController.m in Sources */ = {isa = PBXBuildFile; fileRef = 711AEA021D24AEB50048A859 /* MainViewController.m */; };
		711AEA081D24AEB50048A859 /* Assets.xcassets in Resources */ = {isa = PBXBuildFile; fileRef = 711AEA071D24AEB50048A859 /* Assets.xcassets */; };
		711AEA0B1D24AEB50048A859 /* LaunchScreen.storyboard in Resources */ = {isa = PBXBuildFile; fileRef = 711AEA091D24AEB50048A859 /* LaunchScreen.storyboard */; };
		711AEA151D24B5330048A859 /* ImageContentModeViewController.m in Sources */ = {isa = PBXBuildFile; fileRef = 711AEA131D24B5330048A859 /* ImageContentModeViewController.m */; };
		711AEA161D24B5330048A859 /* ImageContentModeViewController.xib in Resources */ = {isa = PBXBuildFile; fileRef = 711AEA141D24B5330048A859 /* ImageContentModeViewController.xib */; };
		711AEA1C1D24B8D80048A859 /* ImageCollectionViewCell.m in Sources */ = {isa = PBXBuildFile; fileRef = 711AEA1A1D24B8D80048A859 /* ImageCollectionViewCell.m */; };
		711AEA1D1D24B8D80048A859 /* ImageCollectionViewCell.xib in Resources */ = {isa = PBXBuildFile; fileRef = 711AEA1B1D24B8D80048A859 /* ImageCollectionViewCell.xib */; };
		711AEA271D27ADD40048A859 /* CutImageViewController.m in Sources */ = {isa = PBXBuildFile; fileRef = 711AEA251D27ADD40048A859 /* CutImageViewController.m */; };
		711AEA281D27ADD40048A859 /* CutImageViewController.xib in Resources */ = {isa = PBXBuildFile; fileRef = 711AEA261D27ADD40048A859 /* CutImageViewController.xib */; };
/* End PBXBuildFile section */

/* Begin PBXFileReference section */
		5284A32A041E43DE80CEABED /* Pods-ImageWithModeCutLayer.release.xcconfig */ = {isa = PBXFileReference; includeInIndex = 1; lastKnownFileType = text.xcconfig; name = "Pods-ImageWithModeCutLayer.release.xcconfig"; path = "Pods/Target Support Files/Pods-ImageWithModeCutLayer/Pods-ImageWithModeCutLayer.release.xcconfig"; sourceTree = "<group>"; };
		711AE9F81D24AEB50048A859 /* ImageWithModeCutLayer.app */ = {isa = PBXFileReference; explicitFileType = wrapper.application; includeInIndex = 0; path = ImageWithModeCutLayer.app; sourceTree = BUILT_PRODUCTS_DIR; };
		711AE9FC1D24AEB50048A859 /* main.m */ = {isa = PBXFileReference; lastKnownFileType = sourcecode.c.objc; path = main.m; sourceTree = "<group>"; };
		711AE9FE1D24AEB50048A859 /* AppDelegate.h */ = {isa = PBXFileReference; lastKnownFileType = sourcecode.c.h; path = AppDelegate.h; sourceTree = "<group>"; };
		711AE9FF1D24AEB50048A859 /* AppDelegate.m */ = {isa = PBXFileReference; lastKnownFileType = sourcecode.c.objc; path = AppDelegate.m; sourceTree = "<group>"; };
		711AEA011D24AEB50048A859 /* MainViewController.h */ = {isa = PBXFileReference; lastKnownFileType = sourcecode.c.h; path = MainViewController.h; sourceTree = "<group>"; };
		711AEA021D24AEB50048A859 /* MainViewController.m */ = {isa = PBXFileReference; lastKnownFileType = sourcecode.c.objc; path = MainViewController.m; sourceTree = "<group>"; };
		711AEA071D24AEB50048A859 /* Assets.xcassets */ = {isa = PBXFileReference; lastKnownFileType = folder.assetcatalog; path = Assets.xcassets; sourceTree = "<group>"; };
		711AEA0A1D24AEB50048A859 /* Base */ = {isa = PBXFileReference; lastKnownFileType = file.storyboard; name = Base; path = Base.lproj/LaunchScreen.storyboard; sourceTree = "<group>"; };
		711AEA0C1D24AEB50048A859 /* Info.plist */ = {isa = PBXFileReference; lastKnownFileType = text.plist.xml; path = Info.plist; sourceTree = "<group>"; };
		711AEA121D24B5330048A859 /* ImageContentModeViewController.h */ = {isa = PBXFileReference; fileEncoding = 4; lastKnownFileType = sourcecode.c.h; path = ImageContentModeViewController.h; sourceTree = "<group>"; };
		711AEA131D24B5330048A859 /* ImageContentModeViewController.m */ = {isa = PBXFileReference; fileEncoding = 4; lastKnownFileType = sourcecode.c.objc; path = ImageContentModeViewController.m; sourceTree = "<group>"; };
		711AEA141D24B5330048A859 /* ImageContentModeViewController.xib */ = {isa = PBXFileReference; fileEncoding = 4; lastKnownFileType = file.xib; path = ImageContentModeViewController.xib; sourceTree = "<group>"; };
		711AEA191D24B8D80048A859 /* ImageCollectionViewCell.h */ = {isa = PBXFileReference; fileEncoding = 4; lastKnownFileType = sourcecode.c.h; path = ImageCollectionViewCell.h; sourceTree = "<group>"; };
		711AEA1A1D24B8D80048A859 /* ImageCollectionViewCell.m */ = {isa = PBXFileReference; fileEncoding = 4; lastKnownFileType = sourcecode.c.objc; path = ImageCollectionViewCell.m; sourceTree = "<group>"; };
		711AEA1B1D24B8D80048A859 /* ImageCollectionViewCell.xib */ = {isa = PBXFileReference; fileEncoding = 4; lastKnownFileType = file.xib; path = ImageCollectionViewCell.xib; sourceTree = "<group>"; };
		711AEA241D27ADD40048A859 /* CutImageViewController.h */ = {isa = PBXFileReference; fileEncoding = 4; lastKnownFileType = sourcecode.c.h; path = CutImageViewController.h; sourceTree = "<group>"; };
		711AEA251D27ADD40048A859 /* CutImageViewController.m */ = {isa = PBXFileReference; fileEncoding = 4; lastKnownFileType = sourcecode.c.objc; path = CutImageViewController.m; sourceTree = "<group>"; };
		711AEA261D27ADD40048A859 /* CutImageViewController.xib */ = {isa = PBXFileReference; fileEncoding = 4; lastKnownFileType = file.xib; path = CutImageViewController.xib; sourceTree = "<group>"; };
		9BCC9437375685B991E85CEE /* libPods-ImageWithModeCutLayer.a */ = {isa = PBXFileReference; explicitFileType = archive.ar; includeInIndex = 0; path = "libPods-ImageWithModeCutLayer.a"; sourceTree = BUILT_PRODUCTS_DIR; };
		9F347CCD0F847CB3C6A1EE49 /* Pods-ImageWithModeCutLayer.debug.xcconfig */ = {isa = PBXFileReference; includeInIndex = 1; lastKnownFileType = text.xcconfig; name = "Pods-ImageWithModeCutLayer.debug.xcconfig"; path = "Pods/Target Support Files/Pods-ImageWithModeCutLayer/Pods-ImageWithModeCutLayer.debug.xcconfig"; sourceTree = "<group>"; };
/* End PBXFileReference section */

/* Begin PBXFrameworksBuildPhase section */
		711AE9F51D24AEB50048A859 /* Frameworks */ = {
			isa = PBXFrameworksBuildPhase;
			buildActionMask = 2147483647;
			files = (
				1E66C7EC9014094EE5D226FD /* libPods-ImageWithModeCutLayer.a in Frameworks */,
			);
			runOnlyForDeploymentPostprocessing = 0;
		};
/* End PBXFrameworksBuildPhase section */

/* Begin PBXGroup section */
		2A945DC4C1F963721A36EDD0 /* Pods */ = {
			isa = PBXGroup;
			children = (
				9F347CCD0F847CB3C6A1EE49 /* Pods-ImageWithModeCutLayer.debug.xcconfig */,
				5284A32A041E43DE80CEABED /* Pods-ImageWithModeCutLayer.release.xcconfig */,
			);
			name = Pods;
			sourceTree = "<group>";
		};
		711AE9EF1D24AEB50048A859 = {
			isa = PBXGroup;
			children = (
				711AE9FA1D24AEB50048A859 /* ImageWithModeCutLayer */,
				711AE9F91D24AEB50048A859 /* Products */,
				2A945DC4C1F963721A36EDD0 /* Pods */,
				DD2F8B03D4F00B10348A023C /* Frameworks */,
			);
			sourceTree = "<group>";
		};
		711AE9F91D24AEB50048A859 /* Products */ = {
			isa = PBXGroup;
			children = (
				711AE9F81D24AEB50048A859 /* ImageWithModeCutLayer.app */,
			);
			name = Products;
			sourceTree = "<group>";
		};
		711AE9FA1D24AEB50048A859 /* ImageWithModeCutLayer */ = {
			isa = PBXGroup;
			children = (
				711AEA231D27AD970048A859 /* CutImage */,
				711AEA171D24B7750048A859 /* ImageContentMode */,
				711AE9FE1D24AEB50048A859 /* AppDelegate.h */,
				711AE9FF1D24AEB50048A859 /* AppDelegate.m */,
				711AEA011D24AEB50048A859 /* MainViewController.h */,
				711AEA021D24AEB50048A859 /* MainViewController.m */,
				711AEA071D24AEB50048A859 /* Assets.xcassets */,
				711AEA091D24AEB50048A859 /* LaunchScreen.storyboard */,
				711AEA0C1D24AEB50048A859 /* Info.plist */,
				711AE9FB1D24AEB50048A859 /* Supporting Files */,
			);
			path = ImageWithModeCutLayer;
			sourceTree = "<group>";
		};
		711AE9FB1D24AEB50048A859 /* Supporting Files */ = {
			isa = PBXGroup;
			children = (
				711AE9FC1D24AEB50048A859 /* main.m */,
			);
			name = "Supporting Files";
			sourceTree = "<group>";
		};
		711AEA171D24B7750048A859 /* ImageContentMode */ = {
			isa = PBXGroup;
			children = (
				711AEA181D24B7900048A859 /* CollectionViewCell */,
				711AEA121D24B5330048A859 /* ImageContentModeViewController.h */,
				711AEA131D24B5330048A859 /* ImageContentModeViewController.m */,
				711AEA141D24B5330048A859 /* ImageContentModeViewController.xib */,
			);
			name = ImageContentMode;
			sourceTree = "<group>";
		};
		711AEA181D24B7900048A859 /* CollectionViewCell */ = {
			isa = PBXGroup;
			children = (
				711AEA191D24B8D80048A859 /* ImageCollectionViewCell.h */,
				711AEA1A1D24B8D80048A859 /* ImageCollectionViewCell.m */,
				711AEA1B1D24B8D80048A859 /* ImageCollectionViewCell.xib */,
			);
			name = CollectionViewCell;
			sourceTree = "<group>";
		};
		711AEA231D27AD970048A859 /* CutImage */ = {
			isa = PBXGroup;
			children = (
				711AEA241D27ADD40048A859 /* CutImageViewController.h */,
				711AEA251D27ADD40048A859 /* CutImageViewController.m */,
				711AEA261D27ADD40048A859 /* CutImageViewController.xib */,
			);
			name = CutImage;
			sourceTree = "<group>";
		};
		DD2F8B03D4F00B10348A023C /* Frameworks */ = {
			isa = PBXGroup;
			children = (
				9BCC9437375685B991E85CEE /* libPods-ImageWithModeCutLayer.a */,
			);
			name = Frameworks;
			sourceTree = "<group>";
		};
/* End PBXGroup section */

/* Begin PBXNativeTarget section */
		711AE9F71D24AEB50048A859 /* ImageWithModeCutLayer */ = {
			isa = PBXNativeTarget;
			buildConfigurationList = 711AEA0F1D24AEB50048A859 /* Build configuration list for PBXNativeTarget "ImageWithModeCutLayer" */;
			buildPhases = (
				14732011A093E6B1D55C16FF /* [CP] Check Pods Manifest.lock */,
				711AE9F41D24AEB50048A859 /* Sources */,
				711AE9F51D24AEB50048A859 /* Frameworks */,
				711AE9F61D24AEB50048A859 /* Resources */,
				EE1DD6A6F6EE5D86F9D87BAA /* [CP] Embed Pods Frameworks */,
				7E550061E9F93537A3D08599 /* [CP] Copy Pods Resources */,
			);
			buildRules = (
			);
			dependencies = (
			);
			name = ImageWithModeCutLayer;
			productName = ImageWithModeCutLayer;
			productReference = 711AE9F81D24AEB50048A859 /* ImageWithModeCutLayer.app */;
			productType = "com.apple.product-type.application";
		};
/* End PBXNativeTarget section */

/* Begin PBXProject section */
		711AE9F01D24AEB50048A859 /* Project object */ = {
			isa = PBXProject;
			attributes = {
				LastUpgradeCheck = 0720;
				ORGANIZATIONNAME = chenyufengweb;
				TargetAttributes = {
					711AE9F71D24AEB50048A859 = {
						CreatedOnToolsVersion = 7.2;
					};
				};
			};
			buildConfigurationList = 711AE9F31D24AEB50048A859 /* Build configuration list for PBXProject "ImageWithModeCutLayer" */;
			compatibilityVersion = "Xcode 3.2";
			developmentRegion = English;
			hasScannedForEncodings = 0;
			knownRegions = (
				en,
				Base,
			);
			mainGroup = 711AE9EF1D24AEB50048A859;
			productRefGroup = 711AE9F91D24AEB50048A859 /* Products */;
			projectDirPath = "";
			projectRoot = "";
			targets = (
				711AE9F71D24AEB50048A859 /* ImageWithModeCutLayer */,
			);
		};
/* End PBXProject section */

/* Begin PBXResourcesBuildPhase section */
		711AE9F61D24AEB50048A859 /* Resources */ = {
			isa = PBXResourcesBuildPhase;
			buildActionMask = 2147483647;
			files = (
				711AEA281D27ADD40048A859 /* CutImageViewController.xib in Resources */,
				711AEA161D24B5330048A859 /* ImageContentModeViewController.xib in Resources */,
				711AEA0B1D24AEB50048A859 /* LaunchScreen.storyboard in Resources */,
				711AEA1D1D24B8D80048A859 /* ImageCollectionViewCell.xib in Resources */,
				711AEA081D24AEB50048A859 /* Assets.xcassets in Resources */,
			);
			runOnlyForDeploymentPostprocessing = 0;
		};
/* End PBXResourcesBuildPhase section */

/* Begin PBXShellScriptBuildPhase section */
		14732011A093E6B1D55C16FF /* [CP] Check Pods Manifest.lock */ = {
			isa = PBXShellScriptBuildPhase;
			buildActionMask = 2147483647;
			files = (
			);
			inputPaths = (
			);
			name = "[CP] Check Pods Manifest.lock";
			outputPaths = (
			);
			runOnlyForDeploymentPostprocessing = 0;
			shellPath = /bin/sh;
			shellScript = "diff \"${PODS_ROOT}/../Podfile.lock\" \"${PODS_ROOT}/Manifest.lock\" > /dev/null\nif [[ $? != 0 ]] ; then\n    cat << EOM\nerror: The sandbox is not in sync with the Podfile.lock. Run 'pod install' or update your CocoaPods installation.\nEOM\n    exit 1\nfi\n";
			showEnvVarsInLog = 0;
		};
		7E550061E9F93537A3D08599 /* [CP] Copy Pods Resources */ = {
			isa = PBXShellScriptBuildPhase;
			buildActionMask = 2147483647;
			files = (
			);
			inputPaths = (
			);
			name = "[CP] Copy Pods Resources";
			outputPaths = (
			);
			runOnlyForDeploymentPostprocessing = 0;
			shellPath = /bin/sh;
			shellScript = "\"${SRCROOT}/Pods/Target Support Files/Pods-ImageWithModeCutLayer/Pods-ImageWithModeCutLayer-resources.sh\"\n";
			showEnvVarsInLog = 0;
		};
		EE1DD6A6F6EE5D86F9D87BAA /* [CP] Embed Pods Frameworks */ = {
			isa = PBXShellScriptBuildPhase;
			buildActionMask = 2147483647;
			files = (
			);
			inputPaths = (
			);
			name = "[CP] Embed Pods Frameworks";
			outputPaths = (
			);
			runOnlyForDeploymentPostprocessing = 0;
			shellPath = /bin/sh;
			shellScript = "\"${SRCROOT}/Pods/Target Support Files/Pods-ImageWithModeCutLayer/Pods-ImageWithModeCutLayer-frameworks.sh\"\n";
			showEnvVarsInLog = 0;
		};
/* End PBXShellScriptBuildPhase section */

/* Begin PBXSourcesBuildPhase section */
		711AE9F41D24AEB50048A859 /* Sources */ = {
			isa = PBXSourcesBuildPhase;
			buildActionMask = 2147483647;
			files = (
				711AEA031D24AEB50048A859 /* MainViewController.m in Sources */,
				711AEA271D27ADD40048A859 /* CutImageViewController.m in Sources */,
				711AEA001D24AEB50048A859 /* AppDelegate.m in Sources */,
				711AEA1C1D24B8D80048A859 /* ImageCollectionViewCell.m in Sources */,
				711AEA151D24B5330048A859 /* ImageContentModeViewController.m in Sources */,
				711AE9FD1D24AEB50048A859 /* main.m in Sources */,
			);
			runOnlyForDeploymentPostprocessing = 0;
		};
/* End PBXSourcesBuildPhase section */

/* Begin PBXVariantGroup section */
		711AEA091D24AEB50048A859 /* LaunchScreen.storyboard */ = {
			isa = PBXVariantGroup;
			children = (
				711AEA0A1D24AEB50048A859 /* Base */,
			);
			name = LaunchScreen.storyboard;
			sourceTree = "<group>";
		};
/* End PBXVariantGroup section */

/* Begin XCBuildConfiguration section */
		711AEA0D1D24AEB50048A859 /* Debug */ = {
			isa = XCBuildConfiguration;
			buildSettings = {
				ALWAYS_SEARCH_USER_PATHS = NO;
				CLANG_CXX_LANGUAGE_STANDARD = "gnu++0x";
				CLANG_CXX_LIBRARY = "libc++";
				CLANG_ENABLE_MODULES = YES;
				CLANG_ENABLE_OBJC_ARC = YES;
				CLANG_WARN_BOOL_CONVERSION = YES;
				CLANG_WARN_CONSTANT_CONVERSION = YES;
				CLANG_WARN_DIRECT_OBJC_ISA_USAGE = YES_ERROR;
				CLANG_WARN_EMPTY_BODY = YES;
				CLANG_WARN_ENUM_CONVERSION = YES;
				CLANG_WARN_INT_CONVERSION = YES;
				CLANG_WARN_OBJC_ROOT_CLASS = YES_ERROR;
				CLANG_WARN_UNREACHABLE_CODE = YES;
				CLANG_WARN__DUPLICATE_METHOD_MATCH = YES;
				"CODE_SIGN_IDENTITY[sdk=iphoneos*]" = "iPhone Developer";
				COPY_PHASE_STRIP = NO;
				DEBUG_INFORMATION_FORMAT = dwarf;
				ENABLE_STRICT_OBJC_MSGSEND = YES;
				ENABLE_TESTABILITY = YES;
				GCC_C_LANGUAGE_STANDARD = gnu99;
				GCC_DYNAMIC_NO_PIC = NO;
				GCC_NO_COMMON_BLOCKS = YES;
				GCC_OPTIMIZATION_LEVEL = 0;
				GCC_PREPROCESSOR_DEFINITIONS = (
					"DEBUG=1",
					"$(inherited)",
				);
				GCC_WARN_64_TO_32_BIT_CONVERSION = YES;
				GCC_WARN_ABOUT_RETURN_TYPE = YES_ERROR;
				GCC_WARN_UNDECLARED_SELECTOR = YES;
				GCC_WARN_UNINITIALIZED_AUTOS = YES_AGGRESSIVE;
				GCC_WARN_UNUSED_FUNCTION = YES;
				GCC_WARN_UNUSED_VARIABLE = YES;
				IPHONEOS_DEPLOYMENT_TARGET = 9.2;
				MTL_ENABLE_DEBUG_INFO = YES;
				ONLY_ACTIVE_ARCH = YES;
				SDKROOT = iphoneos;
				TARGETED_DEVICE_FAMILY = "1,2";
			};
			name = Debug;
		};
		711AEA0E1D24AEB50048A859 /* Release */ = {
			isa = XCBuildConfiguration;
			buildSettings = {
				ALWAYS_SEARCH_USER_PATHS = NO;
				CLANG_CXX_LANGUAGE_STANDARD = "gnu++0x";
				CLANG_CXX_LIBRARY = "libc++";
				CLANG_ENABLE_MODULES = YES;
				CLANG_ENABLE_OBJC_ARC = YES;
				CLANG_WARN_BOOL_CONVERSION = YES;
				CLANG_WARN_CONSTANT_CONVERSION = YES;
				CLANG_WARN_DIRECT_OBJC_ISA_USAGE = YES_ERROR;
				CLANG_WARN_EMPTY_BODY = YES;
				CLANG_WARN_ENUM_CONVERSION = YES;
				CLANG_WARN_INT_CONVERSION = YES;
				CLANG_WARN_OBJC_ROOT_CLASS = YES_ERROR;
				CLANG_WARN_UNREACHABLE_CODE = YES;
				CLANG_WARN__DUPLICATE_METHOD_MATCH = YES;
				"CODE_SIGN_IDENTITY[sdk=iphoneos*]" = "iPhone Developer";
				COPY_PHASE_STRIP = NO;
				DEBUG_INFORMATION_FORMAT = "dwarf-with-dsym";
				ENABLE_NS_ASSERTIONS = NO;
				ENABLE_STRICT_OBJC_MSGSEND = YES;
				GCC_C_LANGUAGE_STANDARD = gnu99;
				GCC_NO_COMMON_BLOCKS = YES;
				GCC_WARN_64_TO_32_BIT_CONVERSION = YES;
				GCC_WARN_ABOUT_RETURN_TYPE = YES_ERROR;
				GCC_WARN_UNDECLARED_SELECTOR = YES;
				GCC_WARN_UNINITIALIZED_AUTOS = YES_AGGRESSIVE;
				GCC_WARN_UNUSED_FUNCTION = YES;
				GCC_WARN_UNUSED_VARIABLE = YES;
				IPHONEOS_DEPLOYMENT_TARGET = 9.2;
				MTL_ENABLE_DEBUG_INFO = NO;
				SDKROOT = iphoneos;
				TARGETED_DEVICE_FAMILY = "1,2";
				VALIDATE_PRODUCT = YES;
			};
			name = Release;
		};
		711AEA101D24AEB50048A859 /* Debug */ = {
			isa = XCBuildConfiguration;
			baseConfigurationReference = 9F347CCD0F847CB3C6A1EE49 /* Pods-ImageWithModeCutLayer.debug.xcconfig */;
			buildSettings = {
				ASSETCATALOG_COMPILER_APPICON_NAME = AppIcon;
				INFOPLIST_FILE = ImageWithModeCutLayer/Info.plist;
				LD_RUNPATH_SEARCH_PATHS = "$(inherited) @executable_path/Frameworks";
				PRODUCT_BUNDLE_IDENTIFIER = com.chenyufengweb.ImageWithModeCutLayer;
				PRODUCT_NAME = "$(TARGET_NAME)";
			};
			name = Debug;
		};
		711AEA111D24AEB50048A859 /* Release */ = {
			isa = XCBuildConfiguration;
			baseConfigurationReference = 5284A32A041E43DE80CEABED /* Pods-ImageWithModeCutLayer.release.xcconfig */;
			buildSettings = {
				ASSETCATALOG_COMPILER_APPICON_NAME = AppIcon;
				INFOPLIST_FILE = ImageWithModeCutLayer/Info.plist;
				LD_RUNPATH_SEARCH_PATHS = "$(inherited) @executable_path/Frameworks";
				PRODUCT_BUNDLE_IDENTIFIER = com.chenyufengweb.ImageWithModeCutLayer;
				PRODUCT_NAME = "$(TARGET_NAME)";
			};
			name = Release;
		};
/* End XCBuildConfiguration section */

/* Begin XCConfigurationList section */
		711AE9F31D24AEB50048A859 /* Build configuration list for PBXProject "ImageWithModeCutLayer" */ = {
			isa = XCConfigurationList;
			buildConfigurations = (
				711AEA0D1D24AEB50048A859 /* Debug */,
				711AEA0E1D24AEB50048A859 /* Release */,
			);
			defaultConfigurationIsVisible = 0;
			defaultConfigurationName = Release;
		};
		711AEA0F1D24AEB50048A859 /* Build configuration list for PBXNativeTarget "ImageWithModeCutLayer" */ = {
			isa = XCConfigurationList;
			buildConfigurations = (
				711AEA101D24AEB50048A859 /* Debug */,
				711AEA111D24AEB50048A859 /* Release */,
			);
			defaultConfigurationIsVisible = 0;
			defaultConfigurationName = Release;
		};
/* End XCConfigurationList section */
	};
	rootObject = 711AE9F01D24AEB50048A859 /* Project object */;
}
